
Microsoft Visual Studio Solution File, Format Version 12.00
# Visual Studio Version 17
VisualStudioVersion = 17.13.35825.156 d17.13
MinimumVisualStudioVersion = 10.0.40219.1
Project("{FAE04EC0-301F-11D3-BF4B-00C04F79EFBC}") = "EquityPositionBackend", "EquityPositionBackend\EquityPositionBackend.csproj", "{F479F21D-F096-4068-8ADA-AB66B18DDCF7}"
EndProject
Project("{FAE04EC0-301F-11D3-BF4B-00C04F79EFBC}") = "EquityPositionTest", "EquityPositionTest\EquityPositionTest.csproj", "{C1F9A3E4-1A75-43DE-9202-179878F6E400}"
EndProject
Global
	GlobalSection(SolutionConfigurationPlatforms) = preSolution
		Debug|Any CPU = Debug|Any CPU
		Release|Any CPU = Release|Any CPU
	EndGlobalSection
	GlobalSection(ProjectConfigurationPlatforms) = postSolution
		{F479F21D-F096-4068-8ADA-AB66B18DDCF7}.Debug|Any CPU.ActiveCfg = Debug|Any CPU
		{F479F21D-F096-4068-8ADA-AB66B18DDCF7}.Debug|Any CPU.Build.0 = Debug|Any CPU
		{F479F21D-F096-4068-8ADA-AB66B18DDCF7}.Release|Any CPU.ActiveCfg = Release|Any CPU
		{F479F21D-F096-4068-8ADA-AB66B18DDCF7}.Release|Any CPU.Build.0 = Release|Any CPU
		{C1F9A3E4-1A75-43DE-9202-179878F6E400}.Debug|Any CPU.ActiveCfg = Debug|Any CPU
		{C1F9A3E4-1A75-43DE-9202-179878F6E400}.Debug|Any CPU.Build.0 = Debug|Any CPU
		{C1F9A3E4-1A75-43DE-9202-179878F6E400}.Release|Any CPU.ActiveCfg = Release|Any CPU
		{C1F9A3E4-1A75-43DE-9202-179878F6E400}.Release|Any CPU.Build.0 = Release|Any CPU
	EndGlobalSection
	GlobalSection(SolutionProperties) = preSolution
		HideSolutionNode = FALSE
	EndGlobalSection
	GlobalSection(ExtensibilityGlobals) = postSolution
		SolutionGuid = {54045501-967C-49E6-9638-37C5C98D7DBA}
	EndGlobalSection
EndGlobal
